
Microsoft Visual Studio Solution File, Format Version 12.00
# Visual Studio Version 17
VisualStudioVersion = 17.4.33213.308
MinimumVisualStudioVersion = 10.0.40219.1
Project("{FAE04EC0-301F-11D3-BF4B-00C04F79EFBC}") = "ConsoleApp1", "ConsoleApp1.csproj", "{D34E7972-62F2-4C08-BDCD-5F2EA20C1B7D}"
EndProject
Global
	GlobalSection(SolutionConfigurationPlatforms) = preSolution
		Debug|Any CPU = Debug|Any CPU
		Release|Any CPU = Release|Any CPU
	EndGlobalSection
	GlobalSection(ProjectConfigurationPlatforms) = postSolution
		{D34E7972-62F2-4C08-BDCD-5F2EA20C1B7D}.Debug|Any CPU.ActiveCfg = Debug|Any CPU
		{D34E7972-62F2-4C08-BDCD-5F2EA20C1B7D}.Debug|Any CPU.Build.0 = Debug|Any CPU
		{D34E7972-62F2-4C08-BDCD-5F2EA20C1B7D}.Release|Any CPU.ActiveCfg = Release|Any CPU
		{D34E7972-62F2-4C08-BDCD-5F2EA20C1B7D}.Release|Any CPU.Build.0 = Release|Any CPU
	EndGlobalSection
	GlobalSection(SolutionProperties) = preSolution
		HideSolutionNode = FALSE
	EndGlobalSection
	GlobalSection(ExtensibilityGlobals) = postSolution
		SolutionGuid = {350383BE-1E99-41A6-A929-F5A819930642}
	EndGlobalSection
EndGlobal
